
Microsoft Visual Studio Solution File, Format Version 12.00
# Visual Studio 15
VisualStudioVersion = 15.0.28010.2041
MinimumVisualStudioVersion = 10.0.40219.1
Project("{FAE04EC0-301F-11D3-BF4B-00C04F79EFBC}") = "com.martinmelhus.competify.web", "com.martinmelhus.competify.web\com.martinmelhus.competify.web.csproj", "{642E00E5-E684-49FD-B080-E6F62C34D70E}"
EndProject
Global
	GlobalSection(SolutionConfigurationPlatforms) = preSolution
		Debug|Any CPU = Debug|Any CPU
		Release|Any CPU = Release|Any CPU
	EndGlobalSection
	GlobalSection(ProjectConfigurationPlatforms) = postSolution
		{642E00E5-E684-49FD-B080-E6F62C34D70E}.Debug|Any CPU.ActiveCfg = Debug|Any CPU
		{642E00E5-E684-49FD-B080-E6F62C34D70E}.Debug|Any CPU.Build.0 = Debug|Any CPU
		{642E00E5-E684-49FD-B080-E6F62C34D70E}.Release|Any CPU.ActiveCfg = Release|Any CPU
		{642E00E5-E684-49FD-B080-E6F62C34D70E}.Release|Any CPU.Build.0 = Release|Any CPU
	EndGlobalSection
	GlobalSection(SolutionProperties) = preSolution
		HideSolutionNode = FALSE
	EndGlobalSection
	GlobalSection(ExtensibilityGlobals) = postSolution
		SolutionGuid = {46C64037-F3A0-4787-BCF8-0DBADC5FA33E}
	EndGlobalSection
EndGlobal
